%{"connection": {:hex, :connection, "1.0.4", "a1cae72211f0eef17705aaededacac3eb30e6625b04a6117c1b2db6ace7d5976", [:mix], [], "hexpm"},
  "gen_stage": {:hex, :gen_stage, "0.13.1", "edff5bca9cab22c5d03a834062515e6a1aeeb7665fb44eddae086252e39c4378", [:mix], [], "hexpm"},
  "ranch": {:hex, :ranch, "1.5.0", "f04166f456790fee2ac1aa05a02745cc75783c2bfb26d39faf6aefc9a3d3a58a", [:rebar3], [], "hexpm"},
  "socket": {:hex, :socket, "0.3.13", "98a2ab20ce17f95fb512c5cadddba32b57273e0d2dba2d2e5f976c5969d0c632", [:mix], [], "hexpm"},
  "thrift": {:git, "https://github.com/pinterest/elixir-thrift.git", "f26f5e78b0ac06f4fd695d4c85ff6001bdef0cb7", []}}
